
Microsoft Visual Studio Solution File, Format Version 12.00
# Visual Studio Version 17
VisualStudioVersion = 17.13.35919.96
MinimumVisualStudioVersion = 10.0.40219.1
Project("{9A19103F-16F7-4668-BE54-9A1E7A4F7556}") = "UdpChat.Server", "UdpChat.Server\UdpChat.Server.csproj", "{D0B121EF-7758-48E4-9DDF-BC0C00558A2A}"
EndProject
Project("{9A19103F-16F7-4668-BE54-9A1E7A4F7556}") = "UdpChat.Client", "UdpChat.Client\UdpChat.Client.csproj", "{FB21F89C-D555-40E4-947B-F0BFB1689D94}"
EndProject
Global
	GlobalSection(SolutionConfigurationPlatforms) = preSolution
		Debug|Any CPU = Debug|Any CPU
		Release|Any CPU = Release|Any CPU
	EndGlobalSection
	GlobalSection(ProjectConfigurationPlatforms) = postSolution
		{D0B121EF-7758-48E4-9DDF-BC0C00558A2A}.Debug|Any CPU.ActiveCfg = Debug|Any CPU
		{D0B121EF-7758-48E4-9DDF-BC0C00558A2A}.Debug|Any CPU.Build.0 = Debug|Any CPU
		{D0B121EF-7758-48E4-9DDF-BC0C00558A2A}.Release|Any CPU.ActiveCfg = Release|Any CPU
		{D0B121EF-7758-48E4-9DDF-BC0C00558A2A}.Release|Any CPU.Build.0 = Release|Any CPU
		{FB21F89C-D555-40E4-947B-F0BFB1689D94}.Debug|Any CPU.ActiveCfg = Debug|Any CPU
		{FB21F89C-D555-40E4-947B-F0BFB1689D94}.Debug|Any CPU.Build.0 = Debug|Any CPU
		{FB21F89C-D555-40E4-947B-F0BFB1689D94}.Release|Any CPU.ActiveCfg = Release|Any CPU
		{FB21F89C-D555-40E4-947B-F0BFB1689D94}.Release|Any CPU.Build.0 = Release|Any CPU
	EndGlobalSection
	GlobalSection(SolutionProperties) = preSolution
		HideSolutionNode = FALSE
	EndGlobalSection
	GlobalSection(ExtensibilityGlobals) = postSolution
		SolutionGuid = {FA931CFA-F4D1-4B4C-8DBD-303381CBFECC}
	EndGlobalSection
EndGlobal
